
Microsoft Visual Studio Solution File, Format Version 12.00
Project("{FAE04EC0-301F-11D3-BF4B-00C04F79EFBC}") = "QuizAppSolver", "QuizAppSolver\QuizAppSolver.csproj", "{40C96956-0216-44F7-B9E4-9D575B0E65B8}"
EndProject
Global
	GlobalSection(SolutionConfigurationPlatforms) = preSolution
		Debug|Any CPU = Debug|Any CPU
		Release|Any CPU = Release|Any CPU
	EndGlobalSection
	GlobalSection(ProjectConfigurationPlatforms) = postSolution
		{40C96956-0216-44F7-B9E4-9D575B0E65B8}.Debug|Any CPU.ActiveCfg = Debug|Any CPU
		{40C96956-0216-44F7-B9E4-9D575B0E65B8}.Debug|Any CPU.Build.0 = Debug|Any CPU
		{40C96956-0216-44F7-B9E4-9D575B0E65B8}.Release|Any CPU.ActiveCfg = Release|Any CPU
		{40C96956-0216-44F7-B9E4-9D575B0E65B8}.Release|Any CPU.Build.0 = Release|Any CPU
	EndGlobalSection
EndGlobal
